{
  "version": 4,
  "terraform_version": "1.14.4",
  "serial": 86,
  "lineage": "7100fa1d-5192-35fa-0817-ec0221193a5d",
  "outputs": {
    "database_passwd": {
      "value": "arn:aws:secretsmanager:ap-northeast-1:471112721372:secret:netbox_db_passwd-1J0CC3",
      "type": "string"
    },
    "db_host": {
      "value": "netbox-database.c9ekwuykexm3.ap-northeast-1.rds.amazonaws.com",
      "type": "string"
    },
    "db_name": {
      "value": "netboxdb",
      "type": "string"
    },
    "db_port": {
      "value": 5432,
      "type": "number"
    },
    "db_user": {
      "value": "netbox",
      "type": "string"
    },
    "django_creds": {
      "value": "arn:aws:secretsmanager:ap-northeast-1:471112721372:secret:netbox_django_secret-iUc1G8",
      "type": "string"
    },
    "redis_host": {
      "value": "netbox-redis.mcl3ex.0001.apne1.cache.amazonaws.com",
      "type": "string"
    },
    "redis_port": {
      "value": 6379,
      "type": "number"
    },
    "sg": {
      "value": "sg-075e2ad2833d4c606",
      "type": "string"
    },
    "sg_alb": {
      "value": "sg-07135a2a428f717e2",
      "type": "string"
    },
    "superuser_creds": {
      "value": "arn:aws:secretsmanager:ap-northeast-1:471112721372:secret:netbox_superuser_creds-dPorN4",
      "type": "string"
    },
    "vpc": {
      "value": "vpc-08522c9edcf67cbfb",
      "type": "string"
    }
  },
  "resources": [
    {
      "mode": "data",
      "type": "aws_availability_zones",
      "name": "available",
      "provider": "provider[\"registry.terraform.io/hashicorp/aws\"]",
      "instances": [
        {
          "schema_version": 0,
          "attributes": {
            "all_availability_zones": null,
            "exclude_names": null,
            "exclude_zone_ids": null,
            "filter": null,
            "group_names": [
              "ap-northeast-1-zg-1"
            ],
            "id": "ap-northeast-1",
            "names": [
              "ap-northeast-1a",
              "ap-northeast-1c",
              "ap-northeast-1d"
            ],
            "region": "ap-northeast-1",
            "state": "available",
            "timeouts": null,
            "zone_ids": [
              "apne1-az4",
              "apne1-az1",
              "apne1-az2"
            ]
          },
          "sensitive_attributes": [],
          "identity_schema_version": 0
        }
      ]
    },
    {
      "mode": "data",
      "type": "aws_ecr_image",
      "name": "netbox_plugins",
      "provider": "provider[\"registry.terraform.io/hashicorp/aws\"]",
      "instances": [
        {
          "schema_version": 0,
          "attributes": {
            "id": "sha256:ee811804d3cb995420ff5575d0b5ae6c3e47f9ede9c7f4193dd15fc0088a80e0",
            "image_digest": "sha256:ee811804d3cb995420ff5575d0b5ae6c3e47f9ede9c7f4193dd15fc0088a80e0",
            "image_pushed_at": 1770194855,
            "image_size_in_bytes": 238267645,
            "image_tag": "latest",
            "image_tags": [
              "latest"
            ],
            "image_uri": "471112721372.dkr.ecr.ap-northeast-1.amazonaws.com/netbox-test-environment@sha256:ee811804d3cb995420ff5575d0b5ae6c3e47f9ede9c7f4193dd15fc0088a80e0",
            "most_recent": null,
            "region": "ap-northeast-1",
            "registry_id": "471112721372",
            "repository_name": "netbox-test-environment"
          },
          "sensitive_attributes": [],
          "identity_schema_version": 0
        }
      ]
    },
    {
      "mode": "data",
      "type": "aws_iam_role",
      "name": "ecsTaskExecutionRole",
      "provider": "provider[\"registry.terraform.io/hashicorp/aws\"]",
      "instances": [
        {
          "schema_version": 0,
          "attributes": {
            "arn": "arn:aws:iam::471112721372:role/ecsTaskExecutionRole",
            "assume_role_policy": "{\"Version\":\"2008-10-17\",\"Statement\":[{\"Sid\":\"\",\"Effect\":\"Allow\",\"Principal\":{\"Service\":\"ecs-tasks.amazonaws.com\"},\"Action\":\"sts:AssumeRole\"}]}",
            "create_date": "2026-01-21T03:35:41Z",
            "description": "",
            "id": "ecsTaskExecutionRole",
            "max_session_duration": 3600,
            "name": "ecsTaskExecutionRole",
            "path": "/",
            "permissions_boundary": "",
            "role_last_used": [
              {
                "last_used_date": "2026-02-05T04:59:25Z",
                "region": "ap-northeast-1"
              }
            ],
            "tags": {},
            "unique_id": "AROAW3MEBUPOF2GXVAUIJ"
          },
          "sensitive_attributes": [],
          "identity_schema_version": 0
        }
      ]
    },
    {
      "mode": "data",
      "type": "aws_secretsmanager_random_password",
      "name": "database_passwd",
      "provider": "provider[\"registry.terraform.io/hashicorp/aws\"]",
      "instances": [
        {
          "schema_version": 0,
          "attributes": {
            "exclude_characters": null,
            "exclude_lowercase": null,
            "exclude_numbers": true,
            "exclude_punctuation": true,
            "exclude_uppercase": null,
            "id": "yIxwmQBFmrXEWOHTaprDQLBnICyJpBHv",
            "include_space": null,
            "password_length": 32,
            "random_password": "yIxwmQBFmrXEWOHTaprDQLBnICyJpBHv",
            "region": "ap-northeast-1",
            "require_each_included_type": null
          },
          "sensitive_attributes": [],
          "identity_schema_version": 0
        }
      ]
    },
    {
      "mode": "data",
      "type": "aws_secretsmanager_random_password",
      "name": "django_secret_key",
      "provider": "provider[\"registry.terraform.io/hashicorp/aws\"]",
      "instances": [
        {
          "schema_version": 0,
          "attributes": {
            "exclude_characters": null,
            "exclude_lowercase": null,
            "exclude_numbers": true,
            "exclude_punctuation": null,
            "exclude_uppercase": null,
            "id": "J#-WlR@u}R;~C}xxGl(d^ZEnEzQ#NN*}Fifw{~,)K*_J$f/u|M",
            "include_space": null,
            "password_length": 50,
            "random_password": "J#-WlR@u}R;~C}xxGl(d^ZEnEzQ#NN*}Fifw{~,)K*_J$f/u|M",
            "region": "ap-northeast-1",
            "require_each_included_type": null
          },
          "sensitive_attributes": [],
          "identity_schema_version": 0
        }
      ]
    },
    {
      "mode": "data",
      "type": "aws_secretsmanager_random_password",
      "name": "superuser_creds",
      "provider": "provider[\"registry.terraform.io/hashicorp/aws\"]",
      "instances": [
        {
          "schema_version": 0,
          "attributes": {
            "exclude_characters": null,
            "exclude_lowercase": null,
            "exclude_numbers": null,
            "exclude_punctuation": true,
            "exclude_uppercase": null,
            "id": "RWDKcGiEJIxhrecM",
            "include_space": null,
            "password_length": 16,
            "random_password": "RWDKcGiEJIxhrecM",
            "region": "ap-northeast-1",
            "require_each_included_type": null
          },
          "sensitive_attributes": [],
          "identity_schema_version": 0
        }
      ]
    },
    {
      "mode": "managed",
      "type": "aws_db_parameter_group",
      "name": "force_ssl",
      "provider": "provider[\"registry.terraform.io/hashicorp/aws\"]",
      "instances": [
        {
          "schema_version": 0,
          "attributes": {
            "arn": "arn:aws:rds:ap-northeast-1:471112721372:pg:rds",
            "description": "Managed by Terraform",
            "family": "postgres17",
            "id": "rds",
            "name": "rds",
            "name_prefix": "",
            "parameter": [
              {
                "apply_method": "immediate",
                "name": "rds.force_ssl",
                "value": "0"
              }
            ],
            "region": "ap-northeast-1",
            "skip_destroy": false,
            "tags": {},
            "tags_all": {}
          },
          "sensitive_attributes": [],
          "identity_schema_version": 0,
          "private": "bnVsbA=="
        }
      ]
    },
    {
      "mode": "managed",
      "type": "aws_eip",
      "name": "nat",
      "provider": "provider[\"registry.terraform.io/hashicorp/aws\"]",
      "instances": [
        {
          "schema_version": 0,
          "attributes": {
            "address": null,
            "allocation_id": "eipalloc-001113481fb4ba0d4",
            "arn": "arn:aws:ec2:ap-northeast-1:471112721372:elastic-ip/eipalloc-001113481fb4ba0d4",
            "associate_with_private_ip": null,
            "association_id": "eipassoc-01a1fa969853ea4d8",
            "carrier_ip": "",
            "customer_owned_ip": "",
            "customer_owned_ipv4_pool": "",
            "domain": "vpc",
            "id": "eipalloc-001113481fb4ba0d4",
            "instance": "",
            "ipam_pool_id": null,
            "network_border_group": "ap-northeast-1",
            "network_interface": "eni-08ce86744593391f7",
            "private_dns": "ip-10-253-1-156.ap-northeast-1.compute.internal",
            "private_ip": "10.253.1.156",
            "ptr_record": "",
            "public_dns": "ec2-13-158-242-108.ap-northeast-1.compute.amazonaws.com",
            "public_ip": "13.158.242.108",
            "public_ipv4_pool": "amazon",
            "region": "ap-northeast-1",
            "tags": {
              "Name": "netbox-nat-eip"
            },
            "tags_all": {
              "Name": "netbox-nat-eip"
            },
            "timeouts": null
          },
          "sensitive_attributes": [],
          "identity_schema_version": 0,
          "private": "eyJlMmJmYjczMC1lY2FhLTExZTYtOGY4OC0zNDM2M2JjN2M0YzAiOnsiZGVsZXRlIjoxODAwMDAwMDAwMDAsInJlYWQiOjkwMDAwMDAwMDAwMCwidXBkYXRlIjozMDAwMDAwMDAwMDB9fQ=="
        }
      ]
    },
    {
      "mode": "managed",
      "type": "aws_internet_gateway",
      "name": "igw",
      "provider": "provider[\"registry.terraform.io/hashicorp/aws\"]",
      "instances": [
        {
          "schema_version": 0,
          "attributes": {
            "arn": "arn:aws:ec2:ap-northeast-1:471112721372:internet-gateway/igw-034783de38080a66e",
            "id": "igw-034783de38080a66e",
            "owner_id": "471112721372",
            "region": "ap-northeast-1",
            "tags": {
              "Name": "netbox-igw"
            },
            "tags_all": {
              "Name": "netbox-igw"
            },
            "timeouts": null,
            "vpc_id": "vpc-08522c9edcf67cbfb"
          },
          "sensitive_attributes": [],
          "identity_schema_version": 0,
          "private": "eyJlMmJmYjczMC1lY2FhLTExZTYtOGY4OC0zNDM2M2JjN2M0YzAiOnsiY3JlYXRlIjoxMjAwMDAwMDAwMDAwLCJkZWxldGUiOjEyMDAwMDAwMDAwMDAsInVwZGF0ZSI6MTIwMDAwMDAwMDAwMH19",
          "dependencies": [
            "aws_vpc.netbox_vpc"
          ]
        }
      ]
    },
    {
      "mode": "managed",
      "type": "aws_route_table",
      "name": "private",
      "provider": "provider[\"registry.terraform.io/hashicorp/aws\"]",
      "instances": [
        {
          "schema_version": 0,
          "attributes": {
            "arn": "arn:aws:ec2:ap-northeast-1:471112721372:route-table/rtb-0a1495cfcd007e4ec",
            "id": "rtb-0a1495cfcd007e4ec",
            "owner_id": "471112721372",
            "propagating_vgws": [],
            "region": "ap-northeast-1",
            "route": [
              {
                "carrier_gateway_id": "",
                "cidr_block": "0.0.0.0/0",
                "core_network_arn": "",
                "destination_prefix_list_id": "",
                "egress_only_gateway_id": "",
                "gateway_id": "",
                "ipv6_cidr_block": "",
                "local_gateway_id": "",
                "nat_gateway_id": "nat-0436b7f690eb474cf",
                "network_interface_id": "",
                "transit_gateway_id": "",
                "vpc_endpoint_id": "",
                "vpc_peering_connection_id": ""
              }
            ],
            "tags": {
              "Name": "private-ngw"
            },
            "tags_all": {
              "Name": "private-ngw"
            },
            "timeouts": null,
            "vpc_id": "vpc-08522c9edcf67cbfb"
          },
          "sensitive_attributes": [],
          "identity_schema_version": 0,
          "identity": {
            "account_id": "471112721372",
            "id": "rtb-0a1495cfcd007e4ec",
            "region": "ap-northeast-1"
          },
          "private": "eyJlMmJmYjczMC1lY2FhLTExZTYtOGY4OC0zNDM2M2JjN2M0YzAiOnsiY3JlYXRlIjozMDAwMDAwMDAwMDAsImRlbGV0ZSI6MzAwMDAwMDAwMDAwLCJ1cGRhdGUiOjEyMDAwMDAwMDAwMH19",
          "dependencies": [
            "aws_eip.nat",
            "aws_nat_gateway.ngw",
            "aws_subnet.public",
            "aws_subnet.public_1",
            "aws_vpc.netbox_vpc",
            "data.aws_availability_zones.available"
          ]
        }
      ]
    },
    {
      "mode": "managed",
      "type": "aws_route_table",
      "name": "public",
      "provider": "provider[\"registry.terraform.io/hashicorp/aws\"]",
      "instances": [
        {
          "schema_version": 0,
          "attributes": {
            "arn": "arn:aws:ec2:ap-northeast-1:471112721372:route-table/rtb-0567633612f7a1a65",
            "id": "rtb-0567633612f7a1a65",
            "owner_id": "471112721372",
            "propagating_vgws": [],
            "region": "ap-northeast-1",
            "route": [
              {
                "carrier_gateway_id": "",
                "cidr_block": "0.0.0.0/0",
                "core_network_arn": "",
                "destination_prefix_list_id": "",
                "egress_only_gateway_id": "",
                "gateway_id": "igw-034783de38080a66e",
                "ipv6_cidr_block": "",
                "local_gateway_id": "",
                "nat_gateway_id": "",
                "network_interface_id": "",
                "transit_gateway_id": "",
                "vpc_endpoint_id": "",
                "vpc_peering_connection_id": ""
              }
            ],
            "tags": {
              "Name": "public-igw"
            },
            "tags_all": {
              "Name": "public-igw"
            },
            "timeouts": null,
            "vpc_id": "vpc-08522c9edcf67cbfb"
          },
          "sensitive_attributes": [],
          "identity_schema_version": 0,
          "identity": {
            "account_id": "471112721372",
            "id": "rtb-0567633612f7a1a65",
            "region": "ap-northeast-1"
          },
          "private": "eyJlMmJmYjczMC1lY2FhLTExZTYtOGY4OC0zNDM2M2JjN2M0YzAiOnsiY3JlYXRlIjozMDAwMDAwMDAwMDAsImRlbGV0ZSI6MzAwMDAwMDAwMDAwLCJ1cGRhdGUiOjEyMDAwMDAwMDAwMH19",
          "dependencies": [
            "aws_internet_gateway.igw",
            "aws_vpc.netbox_vpc"
          ]
        }
      ]
    },
    {
      "mode": "managed",
      "type": "aws_route_table_association",
      "name": "public_2",
      "provider": "provider[\"registry.terraform.io/hashicorp/aws\"]",
      "instances": [
        {
          "schema_version": 0,
          "attributes": {
            "gateway_id": "",
            "id": "rtbassoc-0c3ec6a6774749518",
            "region": "ap-northeast-1",
            "route_table_id": "rtb-0567633612f7a1a65",
            "subnet_id": "subnet-0777d774a5e4342a9",
            "timeouts": null
          },
          "sensitive_attributes": [],
          "identity_schema_version": 0,
          "private": "eyJlMmJmYjczMC1lY2FhLTExZTYtOGY4OC0zNDM2M2JjN2M0YzAiOnsiY3JlYXRlIjozMDAwMDAwMDAwMDAsImRlbGV0ZSI6MzAwMDAwMDAwMDAwLCJ1cGRhdGUiOjEyMDAwMDAwMDAwMH19",
          "dependencies": [
            "aws_internet_gateway.igw",
            "aws_route_table.public",
            "aws_subnet.public",
            "aws_vpc.netbox_vpc",
            "data.aws_availability_zones.available"
          ]
        }
      ]
    },
    {
      "mode": "managed",
      "type": "aws_secretsmanager_secret",
      "name": "database_passwd",
      "provider": "provider[\"registry.terraform.io/hashicorp/aws\"]",
      "instances": [
        {
          "schema_version": 0,
          "attributes": {
            "arn": "arn:aws:secretsmanager:ap-northeast-1:471112721372:secret:netbox_db_passwd-1J0CC3",
            "description": "",
            "force_overwrite_replica_secret": false,
            "id": "arn:aws:secretsmanager:ap-northeast-1:471112721372:secret:netbox_db_passwd-1J0CC3",
            "kms_key_id": "",
            "name": "netbox_db_passwd",
            "name_prefix": "",
            "policy": "",
            "recovery_window_in_days": 30,
            "region": "ap-northeast-1",
            "replica": [],
            "tags": {},
            "tags_all": {}
          },
          "sensitive_attributes": [],
          "identity_schema_version": 0,
          "identity": {
            "arn": "arn:aws:secretsmanager:ap-northeast-1:471112721372:secret:netbox_db_passwd-1J0CC3"
          },
          "private": "bnVsbA=="
        }
      ]
    },
    {
      "mode": "managed",
      "type": "aws_secretsmanager_secret",
      "name": "django_secret_key",
      "provider": "provider[\"registry.terraform.io/hashicorp/aws\"]",
      "instances": [
        {
          "schema_version": 0,
          "attributes": {
            "arn": "arn:aws:secretsmanager:ap-northeast-1:471112721372:secret:netbox_django_secret-iUc1G8",
            "description": "",
            "force_overwrite_replica_secret": false,
            "id": "arn:aws:secretsmanager:ap-northeast-1:471112721372:secret:netbox_django_secret-iUc1G8",
            "kms_key_id": "",
            "name": "netbox_django_secret",
            "name_prefix": "",
            "policy": "",
            "recovery_window_in_days": 30,
            "region": "ap-northeast-1",
            "replica": [],
            "tags": {},
            "tags_all": {}
          },
          "sensitive_attributes": [],
          "identity_schema_version": 0,
          "identity": {
            "arn": "arn:aws:secretsmanager:ap-northeast-1:471112721372:secret:netbox_django_secret-iUc1G8"
          },
          "private": "bnVsbA=="
        }
      ]
    },
    {
      "mode": "managed",
      "type": "aws_secretsmanager_secret",
      "name": "superuser_creds",
      "provider": "provider[\"registry.terraform.io/hashicorp/aws\"]",
      "instances": [
        {
          "schema_version": 0,
          "attributes": {
            "arn": "arn:aws:secretsmanager:ap-northeast-1:471112721372:secret:netbox_superuser_creds-dPorN4",
            "description": "",
            "force_overwrite_replica_secret": false,
            "id": "arn:aws:secretsmanager:ap-northeast-1:471112721372:secret:netbox_superuser_creds-dPorN4",
            "kms_key_id": "",
            "name": "netbox_superuser_creds",
            "name_prefix": "",
            "policy": "",
            "recovery_window_in_days": 30,
            "region": "ap-northeast-1",
            "replica": [],
            "tags": {},
            "tags_all": {}
          },
          "sensitive_attributes": [],
          "identity_schema_version": 0,
          "identity": {
            "arn": "arn:aws:secretsmanager:ap-northeast-1:471112721372:secret:netbox_superuser_creds-dPorN4"
          },
          "private": "bnVsbA=="
        }
      ]
    },
    {
      "mode": "managed",
      "type": "aws_secretsmanager_secret_version",
      "name": "database_passwd",
      "provider": "provider[\"registry.terraform.io/hashicorp/aws\"]",
      "instances": [
        {
          "schema_version": 0,
          "attributes": {
            "arn": "arn:aws:secretsmanager:ap-northeast-1:471112721372:secret:netbox_db_passwd-1J0CC3",
            "has_secret_string_wo": null,
            "id": "arn:aws:secretsmanager:ap-northeast-1:471112721372:secret:netbox_db_passwd-1J0CC3|terraform-20260205082439810300000001",
            "region": "ap-northeast-1",
            "secret_binary": "",
            "secret_id": "arn:aws:secretsmanager:ap-northeast-1:471112721372:secret:netbox_db_passwd-1J0CC3",
            "secret_string": "{\"password\":\"yIxwmQBFmrXEWOHTaprDQLBnICyJpBHv\",\"username\":\"netbox\"}",
            "secret_string_wo": null,
            "secret_string_wo_version": null,
            "version_id": "terraform-20260205082439810300000001",
            "version_stages": [
              "AWSCURRENT"
            ]
          },
          "sensitive_attributes": [
            [
              {
                "type": "get_attr",
                "value": "secret_binary"
              }
            ],
            [
              {
                "type": "get_attr",
                "value": "secret_string"
              }
            ],
            [
              {
                "type": "get_attr",
                "value": "secret_string_wo"
              }
            ]
          ],
          "identity_schema_version": 0,
          "identity": {
            "account_id": "471112721372",
            "region": "ap-northeast-1",
            "secret_id": "arn:aws:secretsmanager:ap-northeast-1:471112721372:secret:netbox_db_passwd-1J0CC3",
            "version_id": "terraform-20260205082439810300000001"
          },
          "private": "bnVsbA==",
          "dependencies": [
            "aws_secretsmanager_secret.database_passwd",
            "data.aws_secretsmanager_random_password.database_passwd"
          ]
        }
      ]
    },
    {
      "mode": "managed",
      "type": "aws_secretsmanager_secret_version",
      "name": "django_secret_key",
      "provider": "provider[\"registry.terraform.io/hashicorp/aws\"]",
      "instances": [
        {
          "schema_version": 0,
          "attributes": {
            "arn": "arn:aws:secretsmanager:ap-northeast-1:471112721372:secret:netbox_django_secret-iUc1G8",
            "has_secret_string_wo": null,
            "id": "arn:aws:secretsmanager:ap-northeast-1:471112721372:secret:netbox_django_secret-iUc1G8|terraform-20260205082439813000000002",
            "region": "ap-northeast-1",
            "secret_binary": "",
            "secret_id": "arn:aws:secretsmanager:ap-northeast-1:471112721372:secret:netbox_django_secret-iUc1G8",
            "secret_string": "{\"password\":\"J#-WlR@u}R;~C}xxGl(d^ZEnEzQ#NN*}Fifw{~,)K*_J$f/u|M\",\"username\":\"netbox\"}",
            "secret_string_wo": null,
            "secret_string_wo_version": null,
            "version_id": "terraform-20260205082439813000000002",
            "version_stages": [
              "AWSCURRENT"
            ]
          },
          "sensitive_attributes": [
            [
              {
                "type": "get_attr",
                "value": "secret_binary"
              }
            ],
            [
              {
                "type": "get_attr",
                "value": "secret_string"
              }
            ],
            [
              {
                "type": "get_attr",
                "value": "secret_string_wo"
              }
            ]
          ],
          "identity_schema_version": 0,
          "identity": {
            "account_id": "471112721372",
            "region": "ap-northeast-1",
            "secret_id": "arn:aws:secretsmanager:ap-northeast-1:471112721372:secret:netbox_django_secret-iUc1G8",
            "version_id": "terraform-20260205082439813000000002"
          },
          "private": "bnVsbA==",
          "dependencies": [
            "aws_secretsmanager_secret.django_secret_key",
            "data.aws_secretsmanager_random_password.django_secret_key"
          ]
        }
      ]
    },
    {
      "mode": "managed",
      "type": "aws_secretsmanager_secret_version",
      "name": "superuser_creds",
      "provider": "provider[\"registry.terraform.io/hashicorp/aws\"]",
      "instances": [
        {
          "schema_version": 0,
          "attributes": {
            "arn": "arn:aws:secretsmanager:ap-northeast-1:471112721372:secret:netbox_superuser_creds-dPorN4",
            "has_secret_string_wo": null,
            "id": "arn:aws:secretsmanager:ap-northeast-1:471112721372:secret:netbox_superuser_creds-dPorN4|terraform-20260205082439813200000003",
            "region": "ap-northeast-1",
            "secret_binary": "",
            "secret_id": "arn:aws:secretsmanager:ap-northeast-1:471112721372:secret:netbox_superuser_creds-dPorN4",
            "secret_string": "{\"password\":\"RWDKcGiEJIxhrecM\",\"username\":\"admin\"}",
            "secret_string_wo": null,
            "secret_string_wo_version": null,
            "version_id": "terraform-20260205082439813200000003",
            "version_stages": [
              "AWSCURRENT"
            ]
          },
          "sensitive_attributes": [
            [
              {
                "type": "get_attr",
                "value": "secret_binary"
              }
            ],
            [
              {
                "type": "get_attr",
                "value": "secret_string"
              }
            ],
            [
              {
                "type": "get_attr",
                "value": "secret_string_wo"
              }
            ]
          ],
          "identity_schema_version": 0,
          "identity": {
            "account_id": "471112721372",
            "region": "ap-northeast-1",
            "secret_id": "arn:aws:secretsmanager:ap-northeast-1:471112721372:secret:netbox_superuser_creds-dPorN4",
            "version_id": "terraform-20260205082439813200000003"
          },
          "private": "bnVsbA==",
          "dependencies": [
            "aws_secretsmanager_secret.superuser_creds",
            "data.aws_secretsmanager_random_password.superuser_creds"
          ]
        }
      ]
    },
    {
      "mode": "managed",
      "type": "aws_security_group",
      "name": "lb_traffic",
      "provider": "provider[\"registry.terraform.io/hashicorp/aws\"]",
      "instances": [
        {
          "schema_version": 1,
          "attributes": {
            "arn": "arn:aws:ec2:ap-northeast-1:471112721372:security-group/sg-07135a2a428f717e2",
            "description": "allow internet traffic",
            "egress": [],
            "id": "sg-07135a2a428f717e2",
            "ingress": [
              {
                "cidr_blocks": [
                  "0.0.0.0/0"
                ],
                "description": "HTTP from internet",
                "from_port": 80,
                "ipv6_cidr_blocks": [],
                "prefix_list_ids": [],
                "protocol": "tcp",
                "security_groups": [],
                "self": false,
                "to_port": 80
              }
            ],
            "name": "netbox-inbound-http",
            "name_prefix": "",
            "owner_id": "471112721372",
            "region": "ap-northeast-1",
            "revoke_rules_on_delete": false,
            "tags": {},
            "tags_all": {},
            "timeouts": null,
            "vpc_id": "vpc-08522c9edcf67cbfb"
          },
          "sensitive_attributes": [],
          "identity_schema_version": 0,
          "identity": {
            "account_id": "471112721372",
            "id": "sg-07135a2a428f717e2",
            "region": "ap-northeast-1"
          },
          "private": "eyJlMmJmYjczMC1lY2FhLTExZTYtOGY4OC0zNDM2M2JjN2M0YzAiOnsiY3JlYXRlIjo2MDAwMDAwMDAwMDAsImRlbGV0ZSI6OTAwMDAwMDAwMDAwfSwic2NoZW1hX3ZlcnNpb24iOiIxIn0=",
          "dependencies": [
            "aws_vpc.netbox_vpc"
          ]
        }
      ]
    },
    {
      "mode": "managed",
      "type": "aws_security_group",
      "name": "netbox_internal",
      "provider": "provider[\"registry.terraform.io/hashicorp/aws\"]",
      "instances": [
        {
          "schema_version": 1,
          "attributes": {
            "arn": "arn:aws:ec2:ap-northeast-1:471112721372:security-group/sg-075e2ad2833d4c606",
            "description": "netbox ALB + ECS + RDS + Redis",
            "egress": [
              {
                "cidr_blocks": [
                  "0.0.0.0/0"
                ],
                "description": "HTTP",
                "from_port": 80,
                "ipv6_cidr_blocks": [],
                "prefix_list_ids": [],
                "protocol": "tcp",
                "security_groups": [],
                "self": false,
                "to_port": 80
              },
              {
                "cidr_blocks": [
                  "0.0.0.0/0"
                ],
                "description": "HTTPS",
                "from_port": 443,
                "ipv6_cidr_blocks": [],
                "prefix_list_ids": [],
                "protocol": "tcp",
                "security_groups": [],
                "self": false,
                "to_port": 443
              },
              {
                "cidr_blocks": [],
                "description": "netbox to ALB",
                "from_port": 8080,
                "ipv6_cidr_blocks": [],
                "prefix_list_ids": [],
                "protocol": "tcp",
                "security_groups": [],
                "self": true,
                "to_port": 8080
              },
              {
                "cidr_blocks": [],
                "description": "netbox to postgres",
                "from_port": 5432,
                "ipv6_cidr_blocks": [],
                "prefix_list_ids": [],
                "protocol": "tcp",
                "security_groups": [],
                "self": true,
                "to_port": 5432
              },
              {
                "cidr_blocks": [],
                "description": "netbox to redis",
                "from_port": 6379,
                "ipv6_cidr_blocks": [],
                "prefix_list_ids": [],
                "protocol": "tcp",
                "security_groups": [],
                "self": true,
                "to_port": 6379
              }
            ],
            "id": "sg-075e2ad2833d4c606",
            "ingress": [
              {
                "cidr_blocks": [],
                "description": "ALB to NetBox",
                "from_port": 8080,
                "ipv6_cidr_blocks": [],
                "prefix_list_ids": [],
                "protocol": "tcp",
                "security_groups": [],
                "self": true,
                "to_port": 8080
              },
              {
                "cidr_blocks": [],
                "description": "HTTPS internal",
                "from_port": 443,
                "ipv6_cidr_blocks": [],
                "prefix_list_ids": [],
                "protocol": "tcp",
                "security_groups": [],
                "self": true,
                "to_port": 443
              },
              {
                "cidr_blocks": [],
                "description": "Postgres",
                "from_port": 5432,
                "ipv6_cidr_blocks": [],
                "prefix_list_ids": [],
                "protocol": "tcp",
                "security_groups": [],
                "self": true,
                "to_port": 5432
              },
              {
                "cidr_blocks": [],
                "description": "Redis",
                "from_port": 6379,
                "ipv6_cidr_blocks": [],
                "prefix_list_ids": [],
                "protocol": "tcp",
                "security_groups": [],
                "self": true,
                "to_port": 6379
              }
            ],
            "name": "netbox-sg",
            "name_prefix": "",
            "owner_id": "471112721372",
            "region": "ap-northeast-1",
            "revoke_rules_on_delete": false,
            "tags": {},
            "tags_all": {},
            "timeouts": null,
            "vpc_id": "vpc-08522c9edcf67cbfb"
          },
          "sensitive_attributes": [],
          "identity_schema_version": 0,
          "identity": {
            "account_id": "471112721372",
            "id": "sg-075e2ad2833d4c606",
            "region": "ap-northeast-1"
          },
          "private": "eyJlMmJmYjczMC1lY2FhLTExZTYtOGY4OC0zNDM2M2JjN2M0YzAiOnsiY3JlYXRlIjo2MDAwMDAwMDAwMDAsImRlbGV0ZSI6OTAwMDAwMDAwMDAwfSwic2NoZW1hX3ZlcnNpb24iOiIxIn0=",
          "dependencies": [
            "aws_vpc.netbox_vpc"
          ]
        }
      ]
    },
    {
      "mode": "managed",
      "type": "aws_subnet",
      "name": "public",
      "provider": "provider[\"registry.terraform.io/hashicorp/aws\"]",
      "instances": [
        {
          "index_key": 1,
          "schema_version": 1,
          "attributes": {
            "arn": "arn:aws:ec2:ap-northeast-1:471112721372:subnet/subnet-0777d774a5e4342a9",
            "assign_ipv6_address_on_creation": false,
            "availability_zone": "ap-northeast-1c",
            "availability_zone_id": "apne1-az1",
            "cidr_block": "10.253.2.0/24",
            "customer_owned_ipv4_pool": "",
            "enable_dns64": false,
            "enable_lni_at_device_index": 0,
            "enable_resource_name_dns_a_record_on_launch": false,
            "enable_resource_name_dns_aaaa_record_on_launch": false,
            "id": "subnet-0777d774a5e4342a9",
            "ipv4_ipam_pool_id": null,
            "ipv4_netmask_length": null,
            "ipv6_cidr_block": "",
            "ipv6_cidr_block_association_id": "",
            "ipv6_ipam_pool_id": null,
            "ipv6_native": false,
            "ipv6_netmask_length": null,
            "map_customer_owned_ip_on_launch": false,
            "map_public_ip_on_launch": false,
            "outpost_arn": "",
            "owner_id": "471112721372",
            "private_dns_hostname_type_on_launch": "ip-name",
            "region": "ap-northeast-1",
            "tags": {
              "Name": "public-2"
            },
            "tags_all": {
              "Name": "public-2"
            },
            "timeouts": null,
            "vpc_id": "vpc-08522c9edcf67cbfb"
          },
          "sensitive_attributes": [],
          "identity_schema_version": 0,
          "identity": {
            "account_id": "471112721372",
            "id": "subnet-0777d774a5e4342a9",
            "region": "ap-northeast-1"
          },
          "private": "eyJlMmJmYjczMC1lY2FhLTExZTYtOGY4OC0zNDM2M2JjN2M0YzAiOnsiY3JlYXRlIjo2MDAwMDAwMDAwMDAsImRlbGV0ZSI6MTIwMDAwMDAwMDAwMH0sInNjaGVtYV92ZXJzaW9uIjoiMSJ9",
          "dependencies": [
            "aws_vpc.netbox_vpc",
            "data.aws_availability_zones.available"
          ]
        }
      ]
    },
    {
      "mode": "managed",
      "type": "aws_vpc",
      "name": "netbox_vpc",
      "provider": "provider[\"registry.terraform.io/hashicorp/aws\"]",
      "instances": [
        {
          "schema_version": 1,
          "attributes": {
            "arn": "arn:aws:ec2:ap-northeast-1:471112721372:vpc/vpc-08522c9edcf67cbfb",
            "assign_generated_ipv6_cidr_block": false,
            "cidr_block": "10.253.0.0/16",
            "default_network_acl_id": "acl-0803ecb7c3197e6df",
            "default_route_table_id": "rtb-0467fb97f57bd6164",
            "default_security_group_id": "sg-0c069b53f8db1216c",
            "dhcp_options_id": "dopt-0ce610dc678606327",
            "enable_dns_hostnames": true,
            "enable_dns_support": true,
            "enable_network_address_usage_metrics": false,
            "id": "vpc-08522c9edcf67cbfb",
            "instance_tenancy": "default",
            "ipv4_ipam_pool_id": null,
            "ipv4_netmask_length": null,
            "ipv6_association_id": "",
            "ipv6_cidr_block": "",
            "ipv6_cidr_block_network_border_group": "",
            "ipv6_ipam_pool_id": "",
            "ipv6_netmask_length": 0,
            "main_route_table_id": "rtb-0467fb97f57bd6164",
            "owner_id": "471112721372",
            "region": "ap-northeast-1",
            "tags": {
              "Name": "netbox-vpc"
            },
            "tags_all": {
              "Name": "netbox-vpc"
            }
          },
          "sensitive_attributes": [],
          "identity_schema_version": 0,
          "identity": {
            "account_id": "471112721372",
            "id": "vpc-08522c9edcf67cbfb",
            "region": "ap-northeast-1"
          },
          "private": "eyJzY2hlbWFfdmVyc2lvbiI6IjEifQ=="
        }
      ]
    },
    {
      "mode": "managed",
      "type": "aws_vpc_security_group_egress_rule",
      "name": "http_80",
      "provider": "provider[\"registry.terraform.io/hashicorp/aws\"]",
      "instances": [
        {
          "schema_version": 0,
          "attributes": {
            "arn": "arn:aws:ec2:ap-northeast-1:471112721372:security-group-rule/sgr-0c83c8fc731ec2dc4",
            "cidr_ipv4": "0.0.0.0/0",
            "cidr_ipv6": null,
            "description": "HTTP",
            "from_port": 80,
            "id": "sgr-0c83c8fc731ec2dc4",
            "ip_protocol": "tcp",
            "prefix_list_id": null,
            "referenced_security_group_id": null,
            "region": "ap-northeast-1",
            "security_group_id": "sg-075e2ad2833d4c606",
            "security_group_rule_id": "sgr-0c83c8fc731ec2dc4",
            "tags": null,
            "tags_all": {},
            "to_port": 80
          },
          "sensitive_attributes": [],
          "identity_schema_version": 0,
          "identity": {
            "account_id": "471112721372",
            "id": "sgr-0c83c8fc731ec2dc4",
            "region": "ap-northeast-1"
          },
          "dependencies": [
            "aws_security_group.netbox_internal",
            "aws_vpc.netbox_vpc"
          ]
        }
      ]
    },
    {
      "mode": "managed",
      "type": "aws_vpc_security_group_egress_rule",
      "name": "http_8080",
      "provider": "provider[\"registry.terraform.io/hashicorp/aws\"]",
      "instances": [
        {
          "schema_version": 0,
          "attributes": {
            "arn": "arn:aws:ec2:ap-northeast-1:471112721372:security-group-rule/sgr-04c814c413e47b616",
            "cidr_ipv4": null,
            "cidr_ipv6": null,
            "description": "netbox to ALB",
            "from_port": 8080,
            "id": "sgr-04c814c413e47b616",
            "ip_protocol": "tcp",
            "prefix_list_id": null,
            "referenced_security_group_id": "sg-075e2ad2833d4c606",
            "region": "ap-northeast-1",
            "security_group_id": "sg-075e2ad2833d4c606",
            "security_group_rule_id": "sgr-04c814c413e47b616",
            "tags": null,
            "tags_all": {},
            "to_port": 8080
          },
          "sensitive_attributes": [],
          "identity_schema_version": 0,
          "identity": {
            "account_id": "471112721372",
            "id": "sgr-04c814c413e47b616",
            "region": "ap-northeast-1"
          },
          "dependencies": [
            "aws_security_group.netbox_internal",
            "aws_vpc.netbox_vpc"
          ]
        }
      ]
    },
    {
      "mode": "managed",
      "type": "aws_vpc_security_group_egress_rule",
      "name": "https_443",
      "provider": "provider[\"registry.terraform.io/hashicorp/aws\"]",
      "instances": [
        {
          "schema_version": 0,
          "attributes": {
            "arn": "arn:aws:ec2:ap-northeast-1:471112721372:security-group-rule/sgr-023c92f108f28dcaa",
            "cidr_ipv4": "0.0.0.0/0",
            "cidr_ipv6": null,
            "description": "HTTPS",
            "from_port": 443,
            "id": "sgr-023c92f108f28dcaa",
            "ip_protocol": "tcp",
            "prefix_list_id": null,
            "referenced_security_group_id": null,
            "region": "ap-northeast-1",
            "security_group_id": "sg-075e2ad2833d4c606",
            "security_group_rule_id": "sgr-023c92f108f28dcaa",
            "tags": null,
            "tags_all": {},
            "to_port": 443
          },
          "sensitive_attributes": [],
          "identity_schema_version": 0,
          "identity": {
            "account_id": "471112721372",
            "id": "sgr-023c92f108f28dcaa",
            "region": "ap-northeast-1"
          },
          "dependencies": [
            "aws_security_group.netbox_internal",
            "aws_vpc.netbox_vpc"
          ]
        }
      ]
    },
    {
      "mode": "managed",
      "type": "aws_vpc_security_group_egress_rule",
      "name": "postgres_5432",
      "provider": "provider[\"registry.terraform.io/hashicorp/aws\"]",
      "instances": [
        {
          "schema_version": 0,
          "attributes": {
            "arn": "arn:aws:ec2:ap-northeast-1:471112721372:security-group-rule/sgr-04ad87e6cb1e4c847",
            "cidr_ipv4": null,
            "cidr_ipv6": null,
            "description": "netbox to postgres",
            "from_port": 5432,
            "id": "sgr-04ad87e6cb1e4c847",
            "ip_protocol": "tcp",
            "prefix_list_id": null,
            "referenced_security_group_id": "sg-075e2ad2833d4c606",
            "region": "ap-northeast-1",
            "security_group_id": "sg-075e2ad2833d4c606",
            "security_group_rule_id": "sgr-04ad87e6cb1e4c847",
            "tags": null,
            "tags_all": {},
            "to_port": 5432
          },
          "sensitive_attributes": [],
          "identity_schema_version": 0,
          "identity": {
            "account_id": "471112721372",
            "id": "sgr-04ad87e6cb1e4c847",
            "region": "ap-northeast-1"
          },
          "dependencies": [
            "aws_security_group.netbox_internal",
            "aws_vpc.netbox_vpc"
          ]
        }
      ]
    },
    {
      "mode": "managed",
      "type": "aws_vpc_security_group_egress_rule",
      "name": "redis_6379",
      "provider": "provider[\"registry.terraform.io/hashicorp/aws\"]",
      "instances": [
        {
          "schema_version": 0,
          "attributes": {
            "arn": "arn:aws:ec2:ap-northeast-1:471112721372:security-group-rule/sgr-07b0682f3a3b1d357",
            "cidr_ipv4": null,
            "cidr_ipv6": null,
            "description": "netbox to redis",
            "from_port": 6379,
            "id": "sgr-07b0682f3a3b1d357",
            "ip_protocol": "tcp",
            "prefix_list_id": null,
            "referenced_security_group_id": "sg-075e2ad2833d4c606",
            "region": "ap-northeast-1",
            "security_group_id": "sg-075e2ad2833d4c606",
            "security_group_rule_id": "sgr-07b0682f3a3b1d357",
            "tags": null,
            "tags_all": {},
            "to_port": 6379
          },
          "sensitive_attributes": [],
          "identity_schema_version": 0,
          "identity": {
            "account_id": "471112721372",
            "id": "sgr-07b0682f3a3b1d357",
            "region": "ap-northeast-1"
          },
          "dependencies": [
            "aws_security_group.netbox_internal",
            "aws_vpc.netbox_vpc"
          ]
        }
      ]
    },
    {
      "mode": "managed",
      "type": "aws_vpc_security_group_ingress_rule",
      "name": "http_80",
      "provider": "provider[\"registry.terraform.io/hashicorp/aws\"]",
      "instances": [
        {
          "schema_version": 0,
          "attributes": {
            "arn": "arn:aws:ec2:ap-northeast-1:471112721372:security-group-rule/sgr-09fab2df91a7b6a0d",
            "cidr_ipv4": "0.0.0.0/0",
            "cidr_ipv6": null,
            "description": "HTTP from internet",
            "from_port": 80,
            "id": "sgr-09fab2df91a7b6a0d",
            "ip_protocol": "tcp",
            "prefix_list_id": null,
            "referenced_security_group_id": null,
            "region": "ap-northeast-1",
            "security_group_id": "sg-07135a2a428f717e2",
            "security_group_rule_id": "sgr-09fab2df91a7b6a0d",
            "tags": null,
            "tags_all": {},
            "to_port": 80
          },
          "sensitive_attributes": [],
          "identity_schema_version": 0,
          "identity": {
            "account_id": "471112721372",
            "id": "sgr-09fab2df91a7b6a0d",
            "region": "ap-northeast-1"
          },
          "dependencies": [
            "aws_security_group.lb_traffic",
            "aws_vpc.netbox_vpc"
          ]
        }
      ]
    },
    {
      "mode": "managed",
      "type": "aws_vpc_security_group_ingress_rule",
      "name": "http_8080",
      "provider": "provider[\"registry.terraform.io/hashicorp/aws\"]",
      "instances": [
        {
          "schema_version": 0,
          "attributes": {
            "arn": "arn:aws:ec2:ap-northeast-1:471112721372:security-group-rule/sgr-0811a6a380a0f2acd",
            "cidr_ipv4": null,
            "cidr_ipv6": null,
            "description": "ALB to NetBox",
            "from_port": 8080,
            "id": "sgr-0811a6a380a0f2acd",
            "ip_protocol": "tcp",
            "prefix_list_id": null,
            "referenced_security_group_id": "sg-075e2ad2833d4c606",
            "region": "ap-northeast-1",
            "security_group_id": "sg-075e2ad2833d4c606",
            "security_group_rule_id": "sgr-0811a6a380a0f2acd",
            "tags": null,
            "tags_all": {},
            "to_port": 8080
          },
          "sensitive_attributes": [],
          "identity_schema_version": 0,
          "identity": {
            "account_id": "471112721372",
            "id": "sgr-0811a6a380a0f2acd",
            "region": "ap-northeast-1"
          },
          "dependencies": [
            "aws_security_group.netbox_internal",
            "aws_vpc.netbox_vpc"
          ]
        }
      ]
    },
    {
      "mode": "managed",
      "type": "aws_vpc_security_group_ingress_rule",
      "name": "https_443",
      "provider": "provider[\"registry.terraform.io/hashicorp/aws\"]",
      "instances": [
        {
          "schema_version": 0,
          "attributes": {
            "arn": "arn:aws:ec2:ap-northeast-1:471112721372:security-group-rule/sgr-073cb3303862c268d",
            "cidr_ipv4": null,
            "cidr_ipv6": null,
            "description": "HTTPS internal",
            "from_port": 443,
            "id": "sgr-073cb3303862c268d",
            "ip_protocol": "tcp",
            "prefix_list_id": null,
            "referenced_security_group_id": "sg-075e2ad2833d4c606",
            "region": "ap-northeast-1",
            "security_group_id": "sg-075e2ad2833d4c606",
            "security_group_rule_id": "sgr-073cb3303862c268d",
            "tags": null,
            "tags_all": {},
            "to_port": 443
          },
          "sensitive_attributes": [],
          "identity_schema_version": 0,
          "identity": {
            "account_id": "471112721372",
            "id": "sgr-073cb3303862c268d",
            "region": "ap-northeast-1"
          },
          "dependencies": [
            "aws_security_group.netbox_internal",
            "aws_vpc.netbox_vpc"
          ]
        }
      ]
    },
    {
      "mode": "managed",
      "type": "aws_vpc_security_group_ingress_rule",
      "name": "postgres_5432",
      "provider": "provider[\"registry.terraform.io/hashicorp/aws\"]",
      "instances": [
        {
          "schema_version": 0,
          "attributes": {
            "arn": "arn:aws:ec2:ap-northeast-1:471112721372:security-group-rule/sgr-0d6fd5f78acd8ea2f",
            "cidr_ipv4": null,
            "cidr_ipv6": null,
            "description": "Postgres",
            "from_port": 5432,
            "id": "sgr-0d6fd5f78acd8ea2f",
            "ip_protocol": "tcp",
            "prefix_list_id": null,
            "referenced_security_group_id": "sg-075e2ad2833d4c606",
            "region": "ap-northeast-1",
            "security_group_id": "sg-075e2ad2833d4c606",
            "security_group_rule_id": "sgr-0d6fd5f78acd8ea2f",
            "tags": null,
            "tags_all": {},
            "to_port": 5432
          },
          "sensitive_attributes": [],
          "identity_schema_version": 0,
          "identity": {
            "account_id": "471112721372",
            "id": "sgr-0d6fd5f78acd8ea2f",
            "region": "ap-northeast-1"
          },
          "dependencies": [
            "aws_security_group.netbox_internal",
            "aws_vpc.netbox_vpc"
          ]
        }
      ]
    },
    {
      "mode": "managed",
      "type": "aws_vpc_security_group_ingress_rule",
      "name": "redis_6379",
      "provider": "provider[\"registry.terraform.io/hashicorp/aws\"]",
      "instances": [
        {
          "schema_version": 0,
          "attributes": {
            "arn": "arn:aws:ec2:ap-northeast-1:471112721372:security-group-rule/sgr-04bc88c11ac4dbb20",
            "cidr_ipv4": null,
            "cidr_ipv6": null,
            "description": "Redis",
            "from_port": 6379,
            "id": "sgr-04bc88c11ac4dbb20",
            "ip_protocol": "tcp",
            "prefix_list_id": null,
            "referenced_security_group_id": "sg-075e2ad2833d4c606",
            "region": "ap-northeast-1",
            "security_group_id": "sg-075e2ad2833d4c606",
            "security_group_rule_id": "sgr-04bc88c11ac4dbb20",
            "tags": null,
            "tags_all": {},
            "to_port": 6379
          },
          "sensitive_attributes": [],
          "identity_schema_version": 0,
          "identity": {
            "account_id": "471112721372",
            "id": "sgr-04bc88c11ac4dbb20",
            "region": "ap-northeast-1"
          },
          "dependencies": [
            "aws_security_group.netbox_internal",
            "aws_vpc.netbox_vpc"
          ]
        }
      ]
    }
  ],
  "check_results": null
}
